
Microsoft Visual Studio Solution File, Format Version 12.00
# Visual Studio Version 17
VisualStudioVersion = 17.11.35219.272
MinimumVisualStudioVersion = 10.0.40219.1
Project("{FAE04EC0-301F-11D3-BF4B-00C04F79EFBC}") = "academica", "academica\academica.csproj", "{4D0638BC-3D8B-4264-BDDE-08FCD4676457}"
EndProject
Global
	GlobalSection(SolutionConfigurationPlatforms) = preSolution
		Debug|Any CPU = Debug|Any CPU
		Release|Any CPU = Release|Any CPU
	EndGlobalSection
	GlobalSection(ProjectConfigurationPlatforms) = postSolution
		{4D0638BC-3D8B-4264-BDDE-08FCD4676457}.Debug|Any CPU.ActiveCfg = Debug|Any CPU
		{4D0638BC-3D8B-4264-BDDE-08FCD4676457}.Debug|Any CPU.Build.0 = Debug|Any CPU
		{4D0638BC-3D8B-4264-BDDE-08FCD4676457}.Release|Any CPU.ActiveCfg = Release|Any CPU
		{4D0638BC-3D8B-4264-BDDE-08FCD4676457}.Release|Any CPU.Build.0 = Release|Any CPU
	EndGlobalSection
	GlobalSection(SolutionProperties) = preSolution
		HideSolutionNode = FALSE
	EndGlobalSection
	GlobalSection(ExtensibilityGlobals) = postSolution
		SolutionGuid = {BD6287F5-BAEB-4CC3-AF88-78C8F3A78239}
	EndGlobalSection
EndGlobal
